
Microsoft Visual Studio Solution File, Format Version 12.00
# Visual Studio Version 17
VisualStudioVersion = 17.7.34003.232
MinimumVisualStudioVersion = 10.0.40219.1
Project("{FAE04EC0-301F-11D3-BF4B-00C04F79EFBC}") = "jjkLib", "jjkLib\jjkLib.csproj", "{D0B95607-B9DD-48CB-AAFF-570A10F607F5}"
EndProject
Project("{FAE04EC0-301F-11D3-BF4B-00C04F79EFBC}") = "jjkCls", "jjkCls\jjkCls.csproj", "{3B33CBC8-8679-41F4-A027-3D7CDB0B5D71}"
EndProject
Project("{FAE04EC0-301F-11D3-BF4B-00C04F79EFBC}") = "jjkWpf", "jjkWpf\jjkWpf.csproj", "{FF3B95D0-DCCF-45DA-B9D4-1D97513C0CCF}"
EndProject
Global
	GlobalSection(SolutionConfigurationPlatforms) = preSolution
		Debug|Any CPU = Debug|Any CPU
		Release|Any CPU = Release|Any CPU
	EndGlobalSection
	GlobalSection(ProjectConfigurationPlatforms) = postSolution
		{D0B95607-B9DD-48CB-AAFF-570A10F607F5}.Debug|Any CPU.ActiveCfg = Debug|Any CPU
		{D0B95607-B9DD-48CB-AAFF-570A10F607F5}.Debug|Any CPU.Build.0 = Debug|Any CPU
		{D0B95607-B9DD-48CB-AAFF-570A10F607F5}.Release|Any CPU.ActiveCfg = Release|Any CPU
		{D0B95607-B9DD-48CB-AAFF-570A10F607F5}.Release|Any CPU.Build.0 = Release|Any CPU
		{3B33CBC8-8679-41F4-A027-3D7CDB0B5D71}.Debug|Any CPU.ActiveCfg = Debug|Any CPU
		{3B33CBC8-8679-41F4-A027-3D7CDB0B5D71}.Debug|Any CPU.Build.0 = Debug|Any CPU
		{3B33CBC8-8679-41F4-A027-3D7CDB0B5D71}.Release|Any CPU.ActiveCfg = Release|Any CPU
		{3B33CBC8-8679-41F4-A027-3D7CDB0B5D71}.Release|Any CPU.Build.0 = Release|Any CPU
		{FF3B95D0-DCCF-45DA-B9D4-1D97513C0CCF}.Debug|Any CPU.ActiveCfg = Debug|Any CPU
		{FF3B95D0-DCCF-45DA-B9D4-1D97513C0CCF}.Debug|Any CPU.Build.0 = Debug|Any CPU
		{FF3B95D0-DCCF-45DA-B9D4-1D97513C0CCF}.Release|Any CPU.ActiveCfg = Release|Any CPU
		{FF3B95D0-DCCF-45DA-B9D4-1D97513C0CCF}.Release|Any CPU.Build.0 = Release|Any CPU
	EndGlobalSection
	GlobalSection(SolutionProperties) = preSolution
		HideSolutionNode = FALSE
	EndGlobalSection
	GlobalSection(ExtensibilityGlobals) = postSolution
		SolutionGuid = {B103DED2-E252-4698-8DD9-BBFE14291794}
	EndGlobalSection
EndGlobal
